
Microsoft Visual Studio Solution File, Format Version 12.00
# Visual Studio Version 16
VisualStudioVersion = 16.0.31515.178
MinimumVisualStudioVersion = 10.0.40219.1
Project("{FAE04EC0-301F-11D3-BF4B-00C04F79EFBC}") = "ContosoUniversity", "ContosoUniversity\ContosoUniversity.csproj", "{EAE97530-0187-458D-8F49-D381A4C10C71}"
EndProject
Global
	GlobalSection(SolutionConfigurationPlatforms) = preSolution
		Debug|Any CPU = Debug|Any CPU
		Release|Any CPU = Release|Any CPU
	EndGlobalSection
	GlobalSection(ProjectConfigurationPlatforms) = postSolution
		{EAE97530-0187-458D-8F49-D381A4C10C71}.Debug|Any CPU.ActiveCfg = Debug|Any CPU
		{EAE97530-0187-458D-8F49-D381A4C10C71}.Debug|Any CPU.Build.0 = Debug|Any CPU
		{EAE97530-0187-458D-8F49-D381A4C10C71}.Release|Any CPU.ActiveCfg = Release|Any CPU
		{EAE97530-0187-458D-8F49-D381A4C10C71}.Release|Any CPU.Build.0 = Release|Any CPU
	EndGlobalSection
	GlobalSection(SolutionProperties) = preSolution
		HideSolutionNode = FALSE
	EndGlobalSection
	GlobalSection(ExtensibilityGlobals) = postSolution
		SolutionGuid = {34E504C8-99FE-400E-B02A-10D06C871EAE}
	EndGlobalSection
EndGlobal
